
Microsoft Visual Studio Solution File, Format Version 12.00
# Visual Studio Version 17
VisualStudioVersion = 17.10.34916.146
MinimumVisualStudioVersion = 10.0.40219.1
Project("{FAE04EC0-301F-11D3-BF4B-00C04F79EFBC}") = "SplashScreen", "SplashScreen.csproj", "{0F88BB93-D92B-4E2B-9CCA-E77158E1B3FE}"
EndProject
Global
	GlobalSection(SolutionConfigurationPlatforms) = preSolution
		Debug|Any CPU = Debug|Any CPU
		Release|Any CPU = Release|Any CPU
	EndGlobalSection
	GlobalSection(ProjectConfigurationPlatforms) = postSolution
		{0F88BB93-D92B-4E2B-9CCA-E77158E1B3FE}.Debug|Any CPU.ActiveCfg = Debug|Any CPU
		{0F88BB93-D92B-4E2B-9CCA-E77158E1B3FE}.Debug|Any CPU.Build.0 = Debug|Any CPU
		{0F88BB93-D92B-4E2B-9CCA-E77158E1B3FE}.Release|Any CPU.ActiveCfg = Release|Any CPU
		{0F88BB93-D92B-4E2B-9CCA-E77158E1B3FE}.Release|Any CPU.Build.0 = Release|Any CPU
	EndGlobalSection
	GlobalSection(SolutionProperties) = preSolution
		HideSolutionNode = FALSE
	EndGlobalSection
	GlobalSection(ExtensibilityGlobals) = postSolution
		SolutionGuid = {5D04AA02-1D01-48AF-B614-C2BE86E07F2F}
	EndGlobalSection
EndGlobal
